// !$*UTF8*$!
{
	archiveVersion = 1;
	classes = {
	};
	objectVersion = 48;
	objects = {

/* Begin PBXBuildFile section */
		560BDABF1F29F6DE00660CC8 /* ViewController.swift in Sources */ = {isa = PBXBuildFile; fileRef = 560BDABE1F29F6DE00660CC8 /* ViewController.swift */; };
		560BDAC11F29F7FC00660CC8 /* NewsItem.swift in Sources */ = {isa = PBXBuildFile; fileRef = 560BDAC01F29F7FC00660CC8 /* NewsItem.swift */; };
		560BDAC31F29F9F400660CC8 /* NewsItemCell.swift in Sources */ = {isa = PBXBuildFile; fileRef = 560BDAC21F29F9F400660CC8 /* NewsItemCell.swift */; };
		56CFE9781F29EF2F00E4210A /* AppDelegate.swift in Sources */ = {isa = PBXBuildFile; fileRef = 56CFE9771F29EF2F00E4210A /* AppDelegate.swift */; };
		56CFE97D1F29EF2F00E4210A /* Main.storyboard in Resources */ = {isa = PBXBuildFile; fileRef = 56CFE97B1F29EF2F00E4210A /* Main.storyboard */; };
		56CFE97F1F29EF2F00E4210A /* Assets.xcassets in Resources */ = {isa = PBXBuildFile; fileRef = 56CFE97E1F29EF2F00E4210A /* Assets.xcassets */; };
		56CFE9821F29EF2F00E4210A /* LaunchScreen.storyboard in Resources */ = {isa = PBXBuildFile; fileRef = 56CFE9801F29EF2F00E4210A /* LaunchScreen.storyboard */; };
/* End PBXBuildFile section */

/* Begin PBXFileReference section */
		560BDABE1F29F6DE00660CC8 /* ViewController.swift */ = {isa = PBXFileReference; lastKnownFileType = sourcecode.swift; path = ViewController.swift; sourceTree = "<group>"; };
		560BDAC01F29F7FC00660CC8 /* NewsItem.swift */ = {isa = PBXFileReference; lastKnownFileType = sourcecode.swift; path = NewsItem.swift; sourceTree = "<group>"; };
		560BDAC21F29F9F400660CC8 /* NewsItemCell.swift */ = {isa = PBXFileReference; lastKnownFileType = sourcecode.swift; path = NewsItemCell.swift; sourceTree = "<group>"; };
		56CFE9741F29EF2F00E4210A /* StretchyHeaders.app */ = {isa = PBXFileReference; explicitFileType = wrapper.application; includeInIndex = 0; path = StretchyHeaders.app; sourceTree = BUILT_PRODUCTS_DIR; };
		56CFE9771F29EF2F00E4210A /* AppDelegate.swift */ = {isa = PBXFileReference; lastKnownFileType = sourcecode.swift; path = AppDelegate.swift; sourceTree = "<group>"; };
		56CFE97C1F29EF2F00E4210A /* Base */ = {isa = PBXFileReference; lastKnownFileType = file.storyboard; name = Base; path = Base.lproj/Main.storyboard; sourceTree = "<group>"; };
		56CFE97E1F29EF2F00E4210A /* Assets.xcassets */ = {isa = PBXFileReference; lastKnownFileType = folder.assetcatalog; path = Assets.xcassets; sourceTree = "<group>"; };
		56CFE9811F29EF2F00E4210A /* Base */ = {isa = PBXFileReference; lastKnownFileType = file.storyboard; name = Base; path = Base.lproj/LaunchScreen.storyboard; sourceTree = "<group>"; };
		56CFE9831F29EF2F00E4210A /* Info.plist */ = {isa = PBXFileReference; lastKnownFileType = text.plist.xml; path = Info.plist; sourceTree = "<group>"; };
		56F03B201F2AE969003B2F6A /* README.md */ = {isa = PBXFileReference; lastKnownFileType = net.daringfireball.markdown; path = README.md; sourceTree = "<group>"; };
		56F03B211F2AE9F2003B2F6A /* final.gif */ = {isa = PBXFileReference; lastKnownFileType = image.gif; path = final.gif; sourceTree = "<group>"; };
/* End PBXFileReference section */

/* Begin PBXFrameworksBuildPhase section */
		56CFE9711F29EF2F00E4210A /* Frameworks */ = {
			isa = PBXFrameworksBuildPhase;
			buildActionMask = 2147483647;
			files = (
			);
			runOnlyForDeploymentPostprocessing = 0;
		};
/* End PBXFrameworksBuildPhase section */

/* Begin PBXGroup section */
		56CFE96B1F29EF2F00E4210A = {
			isa = PBXGroup;
			children = (
				56F03B201F2AE969003B2F6A /* README.md */,
				56CFE9761F29EF2F00E4210A /* StretchyHeaders */,
				56CFE9751F29EF2F00E4210A /* Products */,
			);
			sourceTree = "<group>";
		};
		56CFE9751F29EF2F00E4210A /* Products */ = {
			isa = PBXGroup;
			children = (
				56CFE9741F29EF2F00E4210A /* StretchyHeaders.app */,
			);
			name = Products;
			sourceTree = "<group>";
		};
		56CFE9761F29EF2F00E4210A /* StretchyHeaders */ = {
			isa = PBXGroup;
			children = (
				56CFE9771F29EF2F00E4210A /* AppDelegate.swift */,
				56F03B211F2AE9F2003B2F6A /* final.gif */,
				56CFE97E1F29EF2F00E4210A /* Assets.xcassets */,
				56CFE9831F29EF2F00E4210A /* Info.plist */,
				56CFE9801F29EF2F00E4210A /* LaunchScreen.storyboard */,
				56CFE97B1F29EF2F00E4210A /* Main.storyboard */,
				560BDAC01F29F7FC00660CC8 /* NewsItem.swift */,
				560BDAC21F29F9F400660CC8 /* NewsItemCell.swift */,
				560BDABE1F29F6DE00660CC8 /* ViewController.swift */,
			);
			path = StretchyHeaders;
			sourceTree = "<group>";
		};
/* End PBXGroup section */

/* Begin PBXNativeTarget section */
		56CFE9731F29EF2F00E4210A /* StretchyHeaders */ = {
			isa = PBXNativeTarget;
			buildConfigurationList = 56CFE9861F29EF2F00E4210A /* Build configuration list for PBXNativeTarget "StretchyHeaders" */;
			buildPhases = (
				56CFE9701F29EF2F00E4210A /* Sources */,
				56CFE9711F29EF2F00E4210A /* Frameworks */,
				56CFE9721F29EF2F00E4210A /* Resources */,
			);
			buildRules = (
			);
			dependencies = (
			);
			name = StretchyHeaders;
			productName = StretchyHeaders;
			productReference = 56CFE9741F29EF2F00E4210A /* StretchyHeaders.app */;
			productType = "com.apple.product-type.application";
		};
/* End PBXNativeTarget section */

/* Begin PBXProject section */
		56CFE96C1F29EF2F00E4210A /* Project object */ = {
			isa = PBXProject;
			attributes = {
				LastSwiftUpdateCheck = 0900;
				LastUpgradeCheck = 0900;
				ORGANIZATIONNAME = "洪德晟";
				TargetAttributes = {
					56CFE9731F29EF2F00E4210A = {
						CreatedOnToolsVersion = 9.0;
					};
				};
			};
			buildConfigurationList = 56CFE96F1F29EF2F00E4210A /* Build configuration list for PBXProject "StretchyHeaders" */;
			compatibilityVersion = "Xcode 8.0";
			developmentRegion = en;
			hasScannedForEncodings = 0;
			knownRegions = (
				en,
				Base,
			);
			mainGroup = 56CFE96B1F29EF2F00E4210A;
			productRefGroup = 56CFE9751F29EF2F00E4210A /* Products */;
			projectDirPath = "";
			projectRoot = "";
			targets = (
				56CFE9731F29EF2F00E4210A /* StretchyHeaders */,
			);
		};
/* End PBXProject section */

/* Begin PBXResourcesBuildPhase section */
		56CFE9721F29EF2F00E4210A /* Resources */ = {
			isa = PBXResourcesBuildPhase;
			buildActionMask = 2147483647;
			files = (
				56CFE9821F29EF2F00E4210A /* LaunchScreen.storyboard in Resources */,
				56CFE97F1F29EF2F00E4210A /* Assets.xcassets in Resources */,
				56CFE97D1F29EF2F00E4210A /* Main.storyboard in Resources */,
			);
			runOnlyForDeploymentPostprocessing = 0;
		};
/* End PBXResourcesBuildPhase section */

/* Begin PBXSourcesBuildPhase section */
		56CFE9701F29EF2F00E4210A /* Sources */ = {
			isa = PBXSourcesBuildPhase;
			buildActionMask = 2147483647;
			files = (
				560BDABF1F29F6DE00660CC8 /* ViewController.swift in Sources */,
				560BDAC31F29F9F400660CC8 /* NewsItemCell.swift in Sources */,
				560BDAC11F29F7FC00660CC8 /* NewsItem.swift in Sources */,
				56CFE9781F29EF2F00E4210A /* AppDelegate.swift in Sources */,
			);
			runOnlyForDeploymentPostprocessing = 0;
		};
/* End PBXSourcesBuildPhase section */

/* Begin PBXVariantGroup section */
		56CFE97B1F29EF2F00E4210A /* Main.storyboard */ = {
			isa = PBXVariantGroup;
			children = (
				56CFE97C1F29EF2F00E4210A /* Base */,
			);
			name = Main.storyboard;
			sourceTree = "<group>";
		};
		56CFE9801F29EF2F00E4210A /* LaunchScreen.storyboard */ = {
			isa = PBXVariantGroup;
			children = (
				56CFE9811F29EF2F00E4210A /* Base */,
			);
			name = LaunchScreen.storyboard;
			sourceTree = "<group>";
		};
/* End PBXVariantGroup section */

/* Begin XCBuildConfiguration section */
		56CFE9841F29EF2F00E4210A /* Debug */ = {
			isa = XCBuildConfiguration;
			buildSettings = {
				ALWAYS_SEARCH_USER_PATHS = NO;
				CLANG_ANALYZER_NONNULL = YES;
				CLANG_ANALYZER_NUMBER_OBJECT_CONVERSION = YES_AGGRESSIVE;
				CLANG_CXX_LANGUAGE_STANDARD = "gnu++14";
				CLANG_CXX_LIBRARY = "libc++";
				CLANG_ENABLE_MODULES = YES;
				CLANG_ENABLE_OBJC_ARC = YES;
				CLANG_WARN_BLOCK_CAPTURE_AUTORELEASING = YES;
				CLANG_WARN_BOOL_CONVERSION = YES;
				CLANG_WARN_COMMA = YES;
				CLANG_WARN_CONSTANT_CONVERSION = YES;
				CLANG_WARN_DIRECT_OBJC_ISA_USAGE = YES_ERROR;
				CLANG_WARN_DOCUMENTATION_COMMENTS = YES;
				CLANG_WARN_EMPTY_BODY = YES;
				CLANG_WARN_ENUM_CONVERSION = YES;
				CLANG_WARN_INFINITE_RECURSION = YES;
				CLANG_WARN_INT_CONVERSION = YES;
				CLANG_WARN_NON_LITERAL_NULL_CONVERSION = YES;
				CLANG_WARN_OBJC_LITERAL_CONVERSION = YES;
				CLANG_WARN_OBJC_ROOT_CLASS = YES_ERROR;
				CLANG_WARN_RANGE_LOOP_ANALYSIS = YES;
				CLANG_WARN_STRICT_PROTOTYPES = YES;
				CLANG_WARN_SUSPICIOUS_MOVE = YES;
				CLANG_WARN_UNGUARDED_AVAILABILITY = YES_AGGRESSIVE;
				CLANG_WARN_UNREACHABLE_CODE = YES;
				CLANG_WARN__DUPLICATE_METHOD_MATCH = YES;
				CODE_SIGN_IDENTITY = "iPhone Developer";
				COPY_PHASE_STRIP = NO;
				DEBUG_INFORMATION_FORMAT = dwarf;
				ENABLE_STRICT_OBJC_MSGSEND = YES;
				ENABLE_TESTABILITY = YES;
				GCC_C_LANGUAGE_STANDARD = gnu11;
				GCC_DYNAMIC_NO_PIC = NO;
				GCC_NO_COMMON_BLOCKS = YES;
				GCC_OPTIMIZATION_LEVEL = 0;
				GCC_PREPROCESSOR_DEFINITIONS = (
					"DEBUG=1",
					"$(inherited)",
				);
				GCC_WARN_64_TO_32_BIT_CONVERSION = YES;
				GCC_WARN_ABOUT_RETURN_TYPE = YES_ERROR;
				GCC_WARN_UNDECLARED_SELECTOR = YES;
				GCC_WARN_UNINITIALIZED_AUTOS = YES_AGGRESSIVE;
				GCC_WARN_UNUSED_FUNCTION = YES;
				GCC_WARN_UNUSED_VARIABLE = YES;
				IPHONEOS_DEPLOYMENT_TARGET = 11.0;
				MTL_ENABLE_DEBUG_INFO = YES;
				ONLY_ACTIVE_ARCH = YES;
				SDKROOT = iphoneos;
				SWIFT_ACTIVE_COMPILATION_CONDITIONS = DEBUG;
				SWIFT_OPTIMIZATION_LEVEL = "-Onone";
			};
			name = Debug;
		};
		56CFE9851F29EF2F00E4210A /* Release */ = {
			isa = XCBuildConfiguration;
			buildSettings = {
				ALWAYS_SEARCH_USER_PATHS = NO;
				CLANG_ANALYZER_NONNULL = YES;
				CLANG_ANALYZER_NUMBER_OBJECT_CONVERSION = YES_AGGRESSIVE;
				CLANG_CXX_LANGUAGE_STANDARD = "gnu++14";
				CLANG_CXX_LIBRARY = "libc++";
				CLANG_ENABLE_MODULES = YES;
				CLANG_ENABLE_OBJC_ARC = YES;
				CLANG_WARN_BLOCK_CAPTURE_AUTORELEASING = YES;
				CLANG_WARN_BOOL_CONVERSION = YES;
				CLANG_WARN_COMMA = YES;
				CLANG_WARN_CONSTANT_CONVERSION = YES;
				CLANG_WARN_DIRECT_OBJC_ISA_USAGE = YES_ERROR;
				CLANG_WARN_DOCUMENTATION_COMMENTS = YES;
				CLANG_WARN_EMPTY_BODY = YES;
				CLANG_WARN_ENUM_CONVERSION = YES;
				CLANG_WARN_INFINITE_RECURSION = YES;
				CLANG_WARN_INT_CONVERSION = YES;
				CLANG_WARN_NON_LITERAL_NULL_CONVERSION = YES;
				CLANG_WARN_OBJC_LITERAL_CONVERSION = YES;
				CLANG_WARN_OBJC_ROOT_CLASS = YES_ERROR;
				CLANG_WARN_RANGE_LOOP_ANALYSIS = YES;
				CLANG_WARN_STRICT_PROTOTYPES = YES;
				CLANG_WARN_SUSPICIOUS_MOVE = YES;
				CLANG_WARN_UNGUARDED_AVAILABILITY = YES_AGGRESSIVE;
				CLANG_WARN_UNREACHABLE_CODE = YES;
				CLANG_WARN__DUPLICATE_METHOD_MATCH = YES;
				CODE_SIGN_IDENTITY = "iPhone Developer";
				COPY_PHASE_STRIP = NO;
				DEBUG_INFORMATION_FORMAT = "dwarf-with-dsym";
				ENABLE_NS_ASSERTIONS = NO;
				ENABLE_STRICT_OBJC_MSGSEND = YES;
				GCC_C_LANGUAGE_STANDARD = gnu11;
				GCC_NO_COMMON_BLOCKS = YES;
				GCC_WARN_64_TO_32_BIT_CONVERSION = YES;
				GCC_WARN_ABOUT_RETURN_TYPE = YES_ERROR;
				GCC_WARN_UNDECLARED_SELECTOR = YES;
				GCC_WARN_UNINITIALIZED_AUTOS = YES_AGGRESSIVE;
				GCC_WARN_UNUSED_FUNCTION = YES;
				GCC_WARN_UNUSED_VARIABLE = YES;
				IPHONEOS_DEPLOYMENT_TARGET = 11.0;
				MTL_ENABLE_DEBUG_INFO = NO;
				SDKROOT = iphoneos;
				SWIFT_OPTIMIZATION_LEVEL = "-Owholemodule";
				VALIDATE_PRODUCT = YES;
			};
			name = Release;
		};
		56CFE9871F29EF2F00E4210A /* Debug */ = {
			isa = XCBuildConfiguration;
			buildSettings = {
				ASSETCATALOG_COMPILER_APPICON_NAME = AppIcon;
				DEVELOPMENT_TEAM = 8H7X36TF25;
				INFOPLIST_FILE = StretchyHeaders/Info.plist;
				LD_RUNPATH_SEARCH_PATHS = "$(inherited) @executable_path/Frameworks";
				PRODUCT_BUNDLE_IDENTIFIER = co.ALPHAcamp.StretchyHeaders;
				PRODUCT_NAME = "$(TARGET_NAME)";
				SWIFT_VERSION = 4.0;
				TARGETED_DEVICE_FAMILY = "1,2";
			};
			name = Debug;
		};
		56CFE9881F29EF2F00E4210A /* Release */ = {
			isa = XCBuildConfiguration;
			buildSettings = {
				ASSETCATALOG_COMPILER_APPICON_NAME = AppIcon;
				DEVELOPMENT_TEAM = 8H7X36TF25;
				INFOPLIST_FILE = StretchyHeaders/Info.plist;
				LD_RUNPATH_SEARCH_PATHS = "$(inherited) @executable_path/Frameworks";
				PRODUCT_BUNDLE_IDENTIFIER = co.ALPHAcamp.StretchyHeaders;
				PRODUCT_NAME = "$(TARGET_NAME)";
				SWIFT_VERSION = 4.0;
				TARGETED_DEVICE_FAMILY = "1,2";
			};
			name = Release;
		};
/* End XCBuildConfiguration section */

/* Begin XCConfigurationList section */
		56CFE96F1F29EF2F00E4210A /* Build configuration list for PBXProject "StretchyHeaders" */ = {
			isa = XCConfigurationList;
			buildConfigurations = (
				56CFE9841F29EF2F00E4210A /* Debug */,
				56CFE9851F29EF2F00E4210A /* Release */,
			);
			defaultConfigurationIsVisible = 0;
			defaultConfigurationName = Release;
		};
		56CFE9861F29EF2F00E4210A /* Build configuration list for PBXNativeTarget "StretchyHeaders" */ = {
			isa = XCConfigurationList;
			buildConfigurations = (
				56CFE9871F29EF2F00E4210A /* Debug */,
				56CFE9881F29EF2F00E4210A /* Release */,
			);
			defaultConfigurationIsVisible = 0;
			defaultConfigurationName = Release;
		};
/* End XCConfigurationList section */
	};
	rootObject = 56CFE96C1F29EF2F00E4210A /* Project object */;
}
